
Microsoft Visual Studio Solution File, Format Version 12.00
# Visual Studio 15
VisualStudioVersion = 15.0.28010.2046
MinimumVisualStudioVersion = 10.0.40219.1
Project("{2150E333-8FDC-42A3-9474-1A3956D46DE8}") = "Database", "Database", "{5F24C15D-20B0-4513-B17A-1B274534CCA4}"
EndProject
Project("{2150E333-8FDC-42A3-9474-1A3956D46DE8}") = "Service", "Service", "{B433C562-A27A-4560-A387-88205E098DAD}"
EndProject
Project("{2150E333-8FDC-42A3-9474-1A3956D46DE8}") = "Client", "Client", "{131F013B-24B0-40F8-92D9-6984D48B4984}"
EndProject
Project("{2150E333-8FDC-42A3-9474-1A3956D46DE8}") = "Server", "Server", "{7D306448-950D-4191-A9DE-479351A2EA1D}"
EndProject
Project("{2150E333-8FDC-42A3-9474-1A3956D46DE8}") = "Shared", "Shared", "{2A5FE70D-CA2B-4E51-AD54-31B245B87E54}"
EndProject
Project("{9A19103F-16F7-4668-BE54-9A1E7A4F7556}") = "ACE.Service.Managers", "ACE.Service.Managers\ACE.Service.Managers.csproj", "{A38A85FC-4ECC-4973-90CB-E3EDB43DF704}"
EndProject
Project("{2150E333-8FDC-42A3-9474-1A3956D46DE8}") = "Model", "Model", "{E6551F1C-3B2E-4BDC-BA17-4B842BCB3D6D}"
EndProject
Project("{9A19103F-16F7-4668-BE54-9A1E7A4F7556}") = "ACE.Repositories", "ACE.Repositories\ACE.Repositories.csproj", "{F294917C-D877-4B01-9C80-6DFA55F303AF}"
EndProject
Project("{9A19103F-16F7-4668-BE54-9A1E7A4F7556}") = "ACE.Model", "ACE.Model\ACE.Model.csproj", "{21F8F2E9-B911-4DB0-A0B1-D1F3B8247257}"
EndProject
Project("{9A19103F-16F7-4668-BE54-9A1E7A4F7556}") = "ACE.Shared", "ACE.Shared\ACE.Shared.csproj", "{9DBEFA8A-890A-465A-B54D-5DBCAC7098D3}"
EndProject
Project("{9A19103F-16F7-4668-BE54-9A1E7A4F7556}") = "ACE.Database", "ACE.Database\ACE.Database.csproj", "{9034C97D-A78E-4EF2-BE43-3ECFE5061E30}"
EndProject
Project("{9A19103F-16F7-4668-BE54-9A1E7A4F7556}") = "ACE.Service.Shared", "ACE.Service.Shared\ACE.Service.Shared.csproj", "{07356F88-DE16-4C90-AA2B-16055BCB7616}"
EndProject
Project("{2150E333-8FDC-42A3-9474-1A3956D46DE8}") = "Tests", "Tests", "{8405DEF9-82FD-4878-952E-20CF25E0E642}"
EndProject
Project("{9A19103F-16F7-4668-BE54-9A1E7A4F7556}") = "Ace.Test.Shared", "Ace.Test.Shared\Ace.Test.Shared.csproj", "{3EA8C2D7-51EE-47BB-BD32-DED515193E30}"
EndProject
Project("{2150E333-8FDC-42A3-9474-1A3956D46DE8}") = "API", "API", "{16B4510C-256C-4DEB-AC4A-01868DE224B2}"
EndProject
Project("{9A19103F-16F7-4668-BE54-9A1E7A4F7556}") = "ACE.WebApi", "ACE.WebApi\ACE.WebApi.csproj", "{5AA6A651-66A0-4F1E-B7BC-2DBB654EAF3E}"
EndProject
Project("{9A19103F-16F7-4668-BE54-9A1E7A4F7556}") = "ACE.Full.integration.Tests", "ACE.Full.integration.Tests\ACE.Full.integration.Tests.csproj", "{BD1AA7CF-D31F-4E3F-8E6F-DD32FBC9F1AD}"
EndProject
Project("{FAE04EC0-301F-11D3-BF4B-00C04F79EFBC}") = "ACE.Service.Mapping", "ACE.Service.Mapping\ACE.Service.Mapping.csproj", "{BD9D5921-7B17-47F9-A3EF-01A220D7BA1B}"
EndProject
Global
	GlobalSection(SolutionConfigurationPlatforms) = preSolution
		Debug|Any CPU = Debug|Any CPU
		Release|Any CPU = Release|Any CPU
	EndGlobalSection
	GlobalSection(ProjectConfigurationPlatforms) = postSolution
		{A38A85FC-4ECC-4973-90CB-E3EDB43DF704}.Debug|Any CPU.ActiveCfg = Debug|Any CPU
		{A38A85FC-4ECC-4973-90CB-E3EDB43DF704}.Debug|Any CPU.Build.0 = Debug|Any CPU
		{A38A85FC-4ECC-4973-90CB-E3EDB43DF704}.Release|Any CPU.ActiveCfg = Release|Any CPU
		{A38A85FC-4ECC-4973-90CB-E3EDB43DF704}.Release|Any CPU.Build.0 = Release|Any CPU
		{F294917C-D877-4B01-9C80-6DFA55F303AF}.Debug|Any CPU.ActiveCfg = Debug|Any CPU
		{F294917C-D877-4B01-9C80-6DFA55F303AF}.Debug|Any CPU.Build.0 = Debug|Any CPU
		{F294917C-D877-4B01-9C80-6DFA55F303AF}.Release|Any CPU.ActiveCfg = Release|Any CPU
		{F294917C-D877-4B01-9C80-6DFA55F303AF}.Release|Any CPU.Build.0 = Release|Any CPU
		{21F8F2E9-B911-4DB0-A0B1-D1F3B8247257}.Debug|Any CPU.ActiveCfg = Debug|Any CPU
		{21F8F2E9-B911-4DB0-A0B1-D1F3B8247257}.Debug|Any CPU.Build.0 = Debug|Any CPU
		{21F8F2E9-B911-4DB0-A0B1-D1F3B8247257}.Release|Any CPU.ActiveCfg = Release|Any CPU
		{21F8F2E9-B911-4DB0-A0B1-D1F3B8247257}.Release|Any CPU.Build.0 = Release|Any CPU
		{9DBEFA8A-890A-465A-B54D-5DBCAC7098D3}.Debug|Any CPU.ActiveCfg = Debug|Any CPU
		{9DBEFA8A-890A-465A-B54D-5DBCAC7098D3}.Debug|Any CPU.Build.0 = Debug|Any CPU
		{9DBEFA8A-890A-465A-B54D-5DBCAC7098D3}.Release|Any CPU.ActiveCfg = Release|Any CPU
		{9DBEFA8A-890A-465A-B54D-5DBCAC7098D3}.Release|Any CPU.Build.0 = Release|Any CPU
		{9034C97D-A78E-4EF2-BE43-3ECFE5061E30}.Debug|Any CPU.ActiveCfg = Debug|Any CPU
		{9034C97D-A78E-4EF2-BE43-3ECFE5061E30}.Debug|Any CPU.Build.0 = Debug|Any CPU
		{9034C97D-A78E-4EF2-BE43-3ECFE5061E30}.Release|Any CPU.ActiveCfg = Release|Any CPU
		{9034C97D-A78E-4EF2-BE43-3ECFE5061E30}.Release|Any CPU.Build.0 = Release|Any CPU
		{07356F88-DE16-4C90-AA2B-16055BCB7616}.Debug|Any CPU.ActiveCfg = Debug|Any CPU
		{07356F88-DE16-4C90-AA2B-16055BCB7616}.Debug|Any CPU.Build.0 = Debug|Any CPU
		{07356F88-DE16-4C90-AA2B-16055BCB7616}.Release|Any CPU.ActiveCfg = Release|Any CPU
		{07356F88-DE16-4C90-AA2B-16055BCB7616}.Release|Any CPU.Build.0 = Release|Any CPU
		{3EA8C2D7-51EE-47BB-BD32-DED515193E30}.Debug|Any CPU.ActiveCfg = Debug|Any CPU
		{3EA8C2D7-51EE-47BB-BD32-DED515193E30}.Debug|Any CPU.Build.0 = Debug|Any CPU
		{3EA8C2D7-51EE-47BB-BD32-DED515193E30}.Release|Any CPU.ActiveCfg = Release|Any CPU
		{3EA8C2D7-51EE-47BB-BD32-DED515193E30}.Release|Any CPU.Build.0 = Release|Any CPU
		{5AA6A651-66A0-4F1E-B7BC-2DBB654EAF3E}.Debug|Any CPU.ActiveCfg = Debug|Any CPU
		{5AA6A651-66A0-4F1E-B7BC-2DBB654EAF3E}.Debug|Any CPU.Build.0 = Debug|Any CPU
		{5AA6A651-66A0-4F1E-B7BC-2DBB654EAF3E}.Release|Any CPU.ActiveCfg = Release|Any CPU
		{5AA6A651-66A0-4F1E-B7BC-2DBB654EAF3E}.Release|Any CPU.Build.0 = Release|Any CPU
		{BD1AA7CF-D31F-4E3F-8E6F-DD32FBC9F1AD}.Debug|Any CPU.ActiveCfg = Debug|Any CPU
		{BD1AA7CF-D31F-4E3F-8E6F-DD32FBC9F1AD}.Debug|Any CPU.Build.0 = Debug|Any CPU
		{BD1AA7CF-D31F-4E3F-8E6F-DD32FBC9F1AD}.Release|Any CPU.ActiveCfg = Release|Any CPU
		{BD1AA7CF-D31F-4E3F-8E6F-DD32FBC9F1AD}.Release|Any CPU.Build.0 = Release|Any CPU
		{BD9D5921-7B17-47F9-A3EF-01A220D7BA1B}.Debug|Any CPU.ActiveCfg = Debug|Any CPU
		{BD9D5921-7B17-47F9-A3EF-01A220D7BA1B}.Debug|Any CPU.Build.0 = Debug|Any CPU
		{BD9D5921-7B17-47F9-A3EF-01A220D7BA1B}.Release|Any CPU.ActiveCfg = Release|Any CPU
		{BD9D5921-7B17-47F9-A3EF-01A220D7BA1B}.Release|Any CPU.Build.0 = Release|Any CPU
	EndGlobalSection
	GlobalSection(SolutionProperties) = preSolution
		HideSolutionNode = FALSE
	EndGlobalSection
	GlobalSection(NestedProjects) = preSolution
		{5F24C15D-20B0-4513-B17A-1B274534CCA4} = {7D306448-950D-4191-A9DE-479351A2EA1D}
		{B433C562-A27A-4560-A387-88205E098DAD} = {7D306448-950D-4191-A9DE-479351A2EA1D}
		{2A5FE70D-CA2B-4E51-AD54-31B245B87E54} = {7D306448-950D-4191-A9DE-479351A2EA1D}
		{A38A85FC-4ECC-4973-90CB-E3EDB43DF704} = {B433C562-A27A-4560-A387-88205E098DAD}
		{E6551F1C-3B2E-4BDC-BA17-4B842BCB3D6D} = {7D306448-950D-4191-A9DE-479351A2EA1D}
		{F294917C-D877-4B01-9C80-6DFA55F303AF} = {5F24C15D-20B0-4513-B17A-1B274534CCA4}
		{21F8F2E9-B911-4DB0-A0B1-D1F3B8247257} = {E6551F1C-3B2E-4BDC-BA17-4B842BCB3D6D}
		{9DBEFA8A-890A-465A-B54D-5DBCAC7098D3} = {2A5FE70D-CA2B-4E51-AD54-31B245B87E54}
		{9034C97D-A78E-4EF2-BE43-3ECFE5061E30} = {5F24C15D-20B0-4513-B17A-1B274534CCA4}
		{07356F88-DE16-4C90-AA2B-16055BCB7616} = {B433C562-A27A-4560-A387-88205E098DAD}
		{3EA8C2D7-51EE-47BB-BD32-DED515193E30} = {8405DEF9-82FD-4878-952E-20CF25E0E642}
		{16B4510C-256C-4DEB-AC4A-01868DE224B2} = {7D306448-950D-4191-A9DE-479351A2EA1D}
		{5AA6A651-66A0-4F1E-B7BC-2DBB654EAF3E} = {16B4510C-256C-4DEB-AC4A-01868DE224B2}
		{BD1AA7CF-D31F-4E3F-8E6F-DD32FBC9F1AD} = {8405DEF9-82FD-4878-952E-20CF25E0E642}
		{BD9D5921-7B17-47F9-A3EF-01A220D7BA1B} = {B433C562-A27A-4560-A387-88205E098DAD}
	EndGlobalSection
	GlobalSection(ExtensibilityGlobals) = postSolution
		SolutionGuid = {118796F1-882C-4520-B5F3-F094ACD2548B}
	EndGlobalSection
EndGlobal
